
Microsoft Visual Studio Solution File, Format Version 12.00
# Visual Studio Version 16
VisualStudioVersion = 16.0.29905.134
MinimumVisualStudioVersion = 10.0.40219.1
Project("{8BC9CEB8-8B4A-11D0-8D11-00A0C91BC942}") = "Exam_II", "Exam_II.vcxproj", "{F8E853F1-43AE-4059-8EC2-C9A34B30A4CC}"
EndProject
Global
	GlobalSection(SolutionConfigurationPlatforms) = preSolution
		Debug|x64 = Debug|x64
		Debug|x86 = Debug|x86
		Release|x64 = Release|x64
		Release|x86 = Release|x86
	EndGlobalSection
	GlobalSection(ProjectConfigurationPlatforms) = postSolution
		{F8E853F1-43AE-4059-8EC2-C9A34B30A4CC}.Debug|x64.ActiveCfg = Debug|x64
		{F8E853F1-43AE-4059-8EC2-C9A34B30A4CC}.Debug|x64.Build.0 = Debug|x64
		{F8E853F1-43AE-4059-8EC2-C9A34B30A4CC}.Debug|x86.ActiveCfg = Debug|Win32
		{F8E853F1-43AE-4059-8EC2-C9A34B30A4CC}.Debug|x86.Build.0 = Debug|Win32
		{F8E853F1-43AE-4059-8EC2-C9A34B30A4CC}.Release|x64.ActiveCfg = Release|x64
		{F8E853F1-43AE-4059-8EC2-C9A34B30A4CC}.Release|x64.Build.0 = Release|x64
		{F8E853F1-43AE-4059-8EC2-C9A34B30A4CC}.Release|x86.ActiveCfg = Release|Win32
		{F8E853F1-43AE-4059-8EC2-C9A34B30A4CC}.Release|x86.Build.0 = Release|Win32
	EndGlobalSection
	GlobalSection(SolutionProperties) = preSolution
		HideSolutionNode = FALSE
	EndGlobalSection
	GlobalSection(ExtensibilityGlobals) = postSolution
		SolutionGuid = {DCC56AD9-6DFC-47C9-B51B-C84F766F4BCF}
	EndGlobalSection
EndGlobal
